
Microsoft Visual Studio Solution File, Format Version 12.00
# Visual Studio Version 17
VisualStudioVersion = 17.5.33530.505
MinimumVisualStudioVersion = 10.0.40219.1
Project("{FAE04EC0-301F-11D3-BF4B-00C04F79EFBC}") = "UsersInfo", "UsersInfo\UsersInfo.csproj", "{FF6B6024-76BB-4198-A175-03BD51F44D14}"
EndProject
Project("{FAE04EC0-301F-11D3-BF4B-00C04F79EFBC}") = "UsersInfo.Core", "UsersInfo.Core\UsersInfo.Core.csproj", "{36A6A3AD-F7D6-49A7-888C-C99574CA0BF1}"
EndProject
Project("{FAE04EC0-301F-11D3-BF4B-00C04F79EFBC}") = "UsersInfo.Data", "UsersInfo.Data\UsersInfo.Data.csproj", "{0626BF00-EE35-48E4-94C0-63F3F5DDD39B}"
EndProject
Global
	GlobalSection(SolutionConfigurationPlatforms) = preSolution
		Debug|Any CPU = Debug|Any CPU
		Release|Any CPU = Release|Any CPU
	EndGlobalSection
	GlobalSection(ProjectConfigurationPlatforms) = postSolution
		{FF6B6024-76BB-4198-A175-03BD51F44D14}.Debug|Any CPU.ActiveCfg = Debug|Any CPU
		{FF6B6024-76BB-4198-A175-03BD51F44D14}.Debug|Any CPU.Build.0 = Debug|Any CPU
		{FF6B6024-76BB-4198-A175-03BD51F44D14}.Release|Any CPU.ActiveCfg = Release|Any CPU
		{FF6B6024-76BB-4198-A175-03BD51F44D14}.Release|Any CPU.Build.0 = Release|Any CPU
		{36A6A3AD-F7D6-49A7-888C-C99574CA0BF1}.Debug|Any CPU.ActiveCfg = Debug|Any CPU
		{36A6A3AD-F7D6-49A7-888C-C99574CA0BF1}.Debug|Any CPU.Build.0 = Debug|Any CPU
		{36A6A3AD-F7D6-49A7-888C-C99574CA0BF1}.Release|Any CPU.ActiveCfg = Release|Any CPU
		{36A6A3AD-F7D6-49A7-888C-C99574CA0BF1}.Release|Any CPU.Build.0 = Release|Any CPU
		{0626BF00-EE35-48E4-94C0-63F3F5DDD39B}.Debug|Any CPU.ActiveCfg = Debug|Any CPU
		{0626BF00-EE35-48E4-94C0-63F3F5DDD39B}.Debug|Any CPU.Build.0 = Debug|Any CPU
		{0626BF00-EE35-48E4-94C0-63F3F5DDD39B}.Release|Any CPU.ActiveCfg = Release|Any CPU
		{0626BF00-EE35-48E4-94C0-63F3F5DDD39B}.Release|Any CPU.Build.0 = Release|Any CPU
	EndGlobalSection
	GlobalSection(SolutionProperties) = preSolution
		HideSolutionNode = FALSE
	EndGlobalSection
	GlobalSection(ExtensibilityGlobals) = postSolution
		SolutionGuid = {ECEC9738-5B92-43D1-B123-83A80787A76E}
	EndGlobalSection
EndGlobal
